# Exact resolution of Zephyr 4.3.0 base build dependencies for Python 3.12.
anytree==2.13.0
attrs==26.1.0
boolean.py==5.0
canopen==2.4.1
certifi==2026.7.22
charset-normalizer==3.4.9
click==8.4.2
colorama==0.4.6
docopt==0.6.2
idna==3.18
intelhex==2.3.0
Jinja2==3.1.6
jsonschema==4.26.0
jsonschema-specifications==2025.9.1
license-expression==30.4.4
MarkupSafe==3.0.3
packaging==26.2
patool==4.0.5
psutil==7.2.2
pyelftools==0.33
pykwalify==1.8.0
pylink-square==2.0.1
pyserial==3.5
python-can==4.6.1
python-dateutil==2.9.0.post0
python-debian==1.1.1
python-magic==0.4.27
PyYAML==6.0.3
referencing==0.37.0
requests==2.34.2
reuse==6.2.0
rpds-py==2026.6.3
ruamel.yaml==0.19.1
semver==3.0.4
six==1.17.0
tomlkit==0.15.1
tqdm==4.69.1
typing_extensions==4.16.0
urllib3==2.7.0
west==1.5.0
wrapt==1.17.3
